version = 1
revision = 3
requires-python = "==3.13.*"
resolution-markers = [
    "sys_platform == 'win32'",
    "sys_platform == 'emscripten'",
    "sys_platform != 'emscripten' and sys_platform != 'win32'",
]

[[package]]
name = "annotated-types"
version = "0.7.0"
source = { registry = "https://pypi.org/simple" }
sdist = { url = "https://files.pythonhosted.org/packages/ee/67/531ea369ba64dcff5ec9c3402f9f51bf748cec26dde048a2f973a4eea7f5/annotated_types-0.7.0.tar.gz", hash = "sha256:aff07c09a53a08bc8cfccb9c85b05f1aa9a2a6f23728d790723543408344ce89", size = 16081, upload-time = "2024-05-20T21:33:25.928Z" }
wheels = [
    { url = "https://files.pythonhosted.org/packages/78/b6/6307fbef88d9b5ee7421e68d78a9f162e0da4900bc5f5793f6d3d0e34fb8/annotated_types-0.7.0-py3-none-any.whl", hash = "sha256:1f02e8b43a8fbbc3f3e0d4f0f4bfc8131bcb4eebe8849b8e5c773f3a1c582a53", size = 13643, upload-time = "2024-05-20T21:33:24.1Z" },
]

[[package]]
name = "datetime"
version = "6.0"
source = { registry = "https://pypi.org/simple" }
dependencies = [
    { name = "pytz" },
    { name = "zope-interface" },
]
sdist = { url = "https://files.pythonhosted.org/packages/77/32/decbfd165e9985ba9d8c2d34a39afe5aeba2fc3fe390eb6e9ef1aab98fa8/datetime-6.0.tar.gz", hash = "sha256:c1514936d2f901e10c8e08d83bf04e6c9dbd7ca4f244da94fec980980a3bc4d5", size = 64167, upload-time = "2025-11-25T08:00:34.586Z" }
wheels = [
    { url = "https://files.pythonhosted.org/packages/cf/7a/ea0f3e3ea74be36fc7cf54f966cde732a3de72697983cdb5646b0a4dacde/datetime-6.0-py3-none-any.whl", hash = "sha256:d19988f0657a4e72c9438344157254a8dcad6aea8cd5ae70a5d1b5a75e5dc930", size = 52637, upload-time = "2025-11-25T08:00:33.077Z" },
]

[[package]]
name = "et-xmlfile"
version = "2.0.0"
source = { registry = "https://pypi.org/simple" }
sdist = { url = "https://files.pythonhosted.org/packages/d3/38/af70d7ab1ae9d4da450eeec1fa3918940a5fafb9055e934af8d6eb0c2313/et_xmlfile-2.0.0.tar.gz", hash = "sha256:dab3f4764309081ce75662649be815c4c9081e88f0837825f90fd28317d4da54", size = 17234, upload-time = "2024-10-25T17:25:40.039Z" }
wheels = [
    { url = "https://files.pythonhosted.org/packages/c1/8b/5fe2cc11fee489817272089c4203e679c63b570a5aaeb18d852ae3cbba6a/et_xmlfile-2.0.0-py3-none-any.whl", hash = "sha256:7a91720bc756843502c3b7504c77b8fe44217c85c537d85037f0f536151b2caa", size = 18059, upload-time = "2024-10-25T17:25:39.051Z" },
]

[[package]]
name = "numpy"
version = "2.4.4"
source = { registry = "https://pypi.org/simple" }
sdist = { url = "https://files.pythonhosted.org/packages/d7/9f/b8cef5bffa569759033adda9481211426f12f53299629b410340795c2514/numpy-2.4.4.tar.gz", hash = "sha256:2d390634c5182175533585cc89f3608a4682ccb173cc9bb940b2881c8d6f8fa0", size = 20731587, upload-time = "2026-03-29T13:22:01.298Z" }
wheels = [
    { url = "https://files.pythonhosted.org/packages/14/1d/d0a583ce4fefcc3308806a749a536c201ed6b5ad6e1322e227ee4848979d/numpy-2.4.4-cp313-cp313-macosx_10_13_x86_64.whl", hash = "sha256:08f2e31ed5e6f04b118e49821397f12767934cfdd12a1ce86a058f91e004ee50", size = 16684933, upload-time = "2026-03-29T13:19:22.47Z" },
    { url = "https://files.pythonhosted.org/packages/c1/62/2b7a48fbb745d344742c0277f01286dead15f3f68e4f359fbfcf7b48f70f/numpy-2.4.4-cp313-cp313-macosx_11_0_arm64.whl", hash = "sha256:e823b8b6edc81e747526f70f71a9c0a07ac4e7ad13020aa736bb7c9d67196115", size = 14694532, upload-time = "2026-03-29T13:19:25.581Z" },
    { url = "https://files.pythonhosted.org/packages/e5/87/499737bfba066b4a3bebff24a8f1c5b2dee410b209bc6668c9be692580f0/numpy-2.4.4-cp313-cp313-macosx_14_0_arm64.whl", hash = "sha256:4a19d9dba1a76618dd86b164d608566f393f8ec6ac7c44f0cc879011c45e65af", size = 5199661, upload-time = "2026-03-29T13:19:28.31Z" },
    { url = "https://files.pythonhosted.org/packages/cd/da/464d551604320d1491bc345efed99b4b7034143a85787aab78d5691d5a0e/numpy-2.4.4-cp313-cp313-macosx_14_0_x86_64.whl", hash = "sha256:d2a8490669bfe99a233298348acc2d824d496dee0e66e31b66a6022c2ad74a5c", size = 6547539, upload-time = "2026-03-29T13:19:30.97Z" },
    { url = "https://files.pythonhosted.org/packages/7d/90/8d23e3b0dafd024bf31bdec225b3bb5c2dbfa6912f8a53b8659f21216cbf/numpy-2.4.4-cp313-cp313-manylinux_2_27_aarch64.manylinux_2_28_aarch64.whl", hash = "sha256:45dbed2ab436a9e826e302fcdcbe9133f9b0006e5af7168afb8963a6520da103", size = 15668806, upload-time = "2026-03-29T13:19:33.887Z" },
    { url = "https://files.pythonhosted.org/packages/d1/73/a9d864e42a01896bb5974475438f16086be9ba1f0d19d0bb7a07427c4a8b/numpy-2.4.4-cp313-cp313-manylinux_2_27_x86_64.manylinux_2_28_x86_64.whl", hash = "sha256:c901b15172510173f5cb310eae652908340f8dede90fff9e3bf6c0d8dfd92f83", size = 16632682, upload-time = "2026-03-29T13:19:37.336Z" },
    { url = "https://files.pythonhosted.org/packages/34/fb/14570d65c3bde4e202a031210475ae9cde9b7686a2e7dc97ee67d2833b35/numpy-2.4.4-cp313-cp313-musllinux_1_2_aarch64.whl", hash = "sha256:99d838547ace2c4aace6c4f76e879ddfe02bb58a80c1549928477862b7a6d6ed", size = 17019810, upload-time = "2026-03-29T13:19:40.963Z" },
    { url = "https://files.pythonhosted.org/packages/8a/77/2ba9d87081fd41f6d640c83f26fb7351e536b7ce6dd9061b6af5904e8e46/numpy-2.4.4-cp313-cp313-musllinux_1_2_x86_64.whl", hash = "sha256:0aec54fd785890ecca25a6003fd9a5aed47ad607bbac5cd64f836ad8666f4959", size = 18357394, upload-time = "2026-03-29T13:19:44.859Z" },
    { url = "https://files.pythonhosted.org/packages/a2/23/52666c9a41708b0853fa3b1a12c90da38c507a3074883823126d4e9d5b30/numpy-2.4.4-cp313-cp313-win32.whl", hash = "sha256:07077278157d02f65c43b1b26a3886bce886f95d20aabd11f87932750dfb14ed", size = 5959556, upload-time = "2026-03-29T13:19:47.661Z" },
    { url = "https://files.pythonhosted.org/packages/57/fb/48649b4971cde70d817cf97a2a2fdc0b4d8308569f1dd2f2611959d2e0cf/numpy-2.4.4-cp313-cp313-win_amd64.whl", hash = "sha256:5c70f1cc1c4efbe316a572e2d8b9b9cc44e89b95f79ca3331553fbb63716e2bf", size = 12317311, upload-time = "2026-03-29T13:19:50.67Z" },
    { url = "https://files.pythonhosted.org/packages/ba/d8/11490cddd564eb4de97b4579ef6bfe6a736cc07e94c1598590ae25415e01/numpy-2.4.4-cp313-cp313-win_arm64.whl", hash = "sha256:ef4059d6e5152fa1a39f888e344c73fdc926e1b2dd58c771d67b0acfbf2aa67d", size = 10222060, upload-time = "2026-03-29T13:19:54.229Z" },
    { url = "https://files.pythonhosted.org/packages/99/5d/dab4339177a905aad3e2221c915b35202f1ec30d750dd2e5e9d9a72b804b/numpy-2.4.4-cp313-cp313t-macosx_11_0_arm64.whl", hash = "sha256:4bbc7f303d125971f60ec0aaad5e12c62d0d2c925f0ab1273debd0e4ba37aba5", size = 14822302, upload-time = "2026-03-29T13:19:57.585Z" },
    { url = "https://files.pythonhosted.org/packages/eb/e4/0564a65e7d3d97562ed6f9b0fd0fb0a6f559ee444092f105938b50043876/numpy-2.4.4-cp313-cp313t-macosx_14_0_arm64.whl", hash = "sha256:4d6d57903571f86180eb98f8f0c839fa9ebbfb031356d87f1361be91e433f5b7", size = 5327407, upload-time = "2026-03-29T13:20:00.601Z" },
    { url = "https://files.pythonhosted.org/packages/29/8d/35a3a6ce5ad371afa58b4700f1c820f8f279948cca32524e0a695b0ded83/numpy-2.4.4-cp313-cp313t-macosx_14_0_x86_64.whl", hash = "sha256:4636de7fd195197b7535f231b5de9e4b36d2c440b6e566d2e4e4746e6af0ca93", size = 6647631, upload-time = "2026-03-29T13:20:02.855Z" },
    { url = "https://files.pythonhosted.org/packages/f4/da/477731acbd5a58a946c736edfdabb2ac5b34c3d08d1ba1a7b437fa0884df/numpy-2.4.4-cp313-cp313t-manylinux_2_27_aarch64.manylinux_2_28_aarch64.whl", hash = "sha256:ad2e2ef14e0b04e544ea2fa0a36463f847f113d314aa02e5b402fdf910ef309e", size = 15727691, upload-time = "2026-03-29T13:20:06.004Z" },
    { url = "https://files.pythonhosted.org/packages/e6/db/338535d9b152beabeb511579598418ba0212ce77cf9718edd70262cc4370/numpy-2.4.4-cp313-cp313t-manylinux_2_27_x86_64.manylinux_2_28_x86_64.whl", hash = "sha256:5a285b3b96f951841799528cd1f4f01cd70e7e0204b4abebac9463eecfcf2a40", size = 16681241, upload-time = "2026-03-29T13:20:09.417Z" },
    { url = "https://files.pythonhosted.org/packages/e2/a9/ad248e8f58beb7a0219b413c9c7d8151c5d285f7f946c3e26695bdbbe2df/numpy-2.4.4-cp313-cp313t-musllinux_1_2_aarch64.whl", hash = "sha256:f8474c4241bc18b750be2abea9d7a9ec84f46ef861dbacf86a4f6e043401f79e", size = 17085767, upload-time = "2026-03-29T13:20:13.126Z" },
    { url = "https://files.pythonhosted.org/packages/b5/1a/3b88ccd3694681356f70da841630e4725a7264d6a885c8d442a697e1146b/numpy-2.4.4-cp313-cp313t-musllinux_1_2_x86_64.whl", hash = "sha256:4e874c976154687c1f71715b034739b45c7711bec81db01914770373d125e392", size = 18403169, upload-time = "2026-03-29T13:20:17.096Z" },
    { url = "https://files.pythonhosted.org/packages/c2/c9/fcfd5d0639222c6eac7f304829b04892ef51c96a75d479214d77e3ce6e33/numpy-2.4.4-cp313-cp313t-win32.whl", hash = "sha256:9c585a1790d5436a5374bac930dad6ed244c046ed91b2b2a3634eb2971d21008", size = 6083477, upload-time = "2026-03-29T13:20:20.195Z" },
    { url = "https://files.pythonhosted.org/packages/d5/e3/3938a61d1c538aaec8ed6fd6323f57b0c2d2d2219512434c5c878db76553/numpy-2.4.4-cp313-cp313t-win_amd64.whl", hash = "sha256:93e15038125dc1e5345d9b5b68aa7f996ec33b98118d18c6ca0d0b7d6198b7e8", size = 12457487, upload-time = "2026-03-29T13:20:22.946Z" },
    { url = "https://files.pythonhosted.org/packages/97/6a/7e345032cc60501721ef94e0e30b60f6b0bd601f9174ebd36389a2b86d40/numpy-2.4.4-cp313-cp313t-win_arm64.whl", hash = "sha256:0dfd3f9d3adbe2920b68b5cd3d51444e13a10792ec7154cd0a2f6e74d4ab3233", size = 10292002, upload-time = "2026-03-29T13:20:25.909Z" },
]

[[package]]
name = "openpyxl"
version = "3.1.5"
source = { registry = "https://pypi.org/simple" }
dependencies = [
    { name = "et-xmlfile" },
]
sdist = { url = "https://files.pythonhosted.org/packages/3d/f9/88d94a75de065ea32619465d2f77b29a0469500e99012523b91cc4141cd1/openpyxl-3.1.5.tar.gz", hash = "sha256:cf0e3cf56142039133628b5acffe8ef0c12bc902d2aadd3e0fe5878dc08d1050", size = 186464, upload-time = "2024-06-28T14:03:44.161Z" }
wheels = [
    { url = "https://files.pythonhosted.org/packages/c0/da/977ded879c29cbd04de313843e76868e6e13408a94ed6b987245dc7c8506/openpyxl-3.1.5-py2.py3-none-any.whl", hash = "sha256:5282c12b107bffeef825f4617dc029afaf41d0ea60823bbb665ef3079dc79de2", size = 250910, upload-time = "2024-06-28T14:03:41.161Z" },
]

[[package]]
name = "pandas"
version = "3.0.3"
source = { registry = "https://pypi.org/simple" }
dependencies = [
    { name = "numpy" },
    { name = "python-dateutil" },
    { name = "tzdata", marker = "sys_platform == 'emscripten' or sys_platform == 'win32'" },
]
sdist = { url = "https://files.pythonhosted.org/packages/f8/87/4341c6252d1c47b08768c3d25ac487362bf403f0313ddae4a2a26c9b1b4c/pandas-3.0.3.tar.gz", hash = "sha256:696a4a00a2a2a35d4e5deb3fc946641b96c944f02230e4f76137fe35d806c4fc", size = 4651414, upload-time = "2026-05-11T18:54:29.21Z" }
wheels = [
    { url = "https://files.pythonhosted.org/packages/c5/90/62d8302883c44308c477e222c3daf7c813a34c8e96985882fbd53d964352/pandas-3.0.3-cp313-cp313-macosx_10_13_x86_64.whl", hash = "sha256:67b3b64c11910cfa29f4e94a14d3bff9ee693b6fc76055e7cad549cee0aec5fa", size = 10331071, upload-time = "2026-05-11T18:52:58.838Z" },
    { url = "https://files.pythonhosted.org/packages/7f/ae/6a6493c783a101f165e4356953ba3c74d6f77f0042fa7d753da9dfbb640c/pandas-3.0.3-cp313-cp313-macosx_11_0_arm64.whl", hash = "sha256:39436b377d56d2a2e52d0395bdbee171f01068e99af5250509aceeb929f765c7", size = 9875690, upload-time = "2026-05-11T18:53:01.431Z" },
    { url = "https://files.pythonhosted.org/packages/62/7c/5df8e9f56c69a2769fbe9382a5ef8f2658c007e376434e1e2cbb57ad895f/pandas-3.0.3-cp313-cp313-manylinux_2_24_aarch64.manylinux_2_28_aarch64.whl", hash = "sha256:d4be06d68f9ddcfc645b87534911da79a8fbffc7573c80e0edcf42a5020624d8", size = 10381634, upload-time = "2026-05-11T18:53:04.393Z" },
    { url = "https://files.pythonhosted.org/packages/99/68/1237369725aa617bb358263d535803e3053fdbc593513ec5ed9c9896b5b6/pandas-3.0.3-cp313-cp313-manylinux_2_24_x86_64.manylinux_2_28_x86_64.whl", hash = "sha256:a4eeb6830daf35a71cc09649bd823e2b542dac246cdee9614c6e4bd65028cd6a", size = 10891243, upload-time = "2026-05-11T18:53:07.643Z" },
    { url = "https://files.pythonhosted.org/packages/25/93/77d108e8af7222b4a503ebde0e30215b1c2e4f8e53a526431890f22d5586/pandas-3.0.3-cp313-cp313-musllinux_1_2_aarch64.whl", hash = "sha256:1928e07221f82db493cd4af1e23c1bfca524a19a4699887975bff68f49a72bfb", size = 11388659, upload-time = "2026-05-11T18:53:10.634Z" },
    { url = "https://files.pythonhosted.org/packages/d0/bd/eff5b4399f332ac386c853f6cd2bd3fa2ca0061b9f36ecd9c4d7c4265649/pandas-3.0.3-cp313-cp313-musllinux_1_2_x86_64.whl", hash = "sha256:51b1fe551acb77dac643c6fda86084d8d446c10fe64b06a9cc29c4cc8540e7f2", size = 11942880, upload-time = "2026-05-11T18:53:13.536Z" },
    { url = "https://files.pythonhosted.org/packages/2c/20/559ace4200982c3887d0b86bfd0d856a2143ef8ddab63cc07934951a964c/pandas-3.0.3-cp313-cp313-win_amd64.whl", hash = "sha256:a82d532a3351d435432cd913edbccaf8b8e01d4dd0e5ced5a8d2e8ecd94c7e44", size = 9757091, upload-time = "2026-05-11T18:53:16.306Z" },
    { url = "https://files.pythonhosted.org/packages/3a/66/69055a09fe200f29f922a3eeec4804611900b95f52d932ece3393c3c0c19/pandas-3.0.3-cp313-cp313-win_arm64.whl", hash = "sha256:275c14e0fce14a2ec20eee474aecd305478ea3c1e6f6a9d8fe219a165542717e", size = 9057282, upload-time = "2026-05-11T18:53:18.768Z" },
    { url = "https://files.pythonhosted.org/packages/57/0e/efe801b0e6811e8e650cd21b7f2608e30f08a7067e2bf6e8752b0d56ee3c/pandas-3.0.3-cp313-cp313t-macosx_10_13_x86_64.whl", hash = "sha256:46997386d528eb40376ecd6b033cf4a8a1e5282580f68f43de875b78cba2199d", size = 10767016, upload-time = "2026-05-11T18:53:21.227Z" },
    { url = "https://files.pythonhosted.org/packages/ea/dc/eb55135a1d5f0f0519f28da1f609a206d2cad1f9c35c32d51e38dd7261ae/pandas-3.0.3-cp313-cp313t-macosx_11_0_arm64.whl", hash = "sha256:261e308dfb22448384b7580cf719d2f998fe2966c92893c3e77d14008af1f066", size = 10420210, upload-time = "2026-05-11T18:53:23.982Z" },
    { url = "https://files.pythonhosted.org/packages/c6/3e/b1d5d955ce33ffecb407465a60bc32769d74fcf68224b7ae67ae11d4dea4/pandas-3.0.3-cp313-cp313t-manylinux_2_24_aarch64.manylinux_2_28_aarch64.whl", hash = "sha256:dd1a5d1def6a46002e964510bdc67c368aa0951df5d1d9f8365336f5a1f490cd", size = 10336126, upload-time = "2026-05-11T18:53:26.731Z" },
    { url = "https://files.pythonhosted.org/packages/f5/76/a01261711ab60a22d71b862f0de20e4c504bf80457270ad8cb42110f6abc/pandas-3.0.3-cp313-cp313t-manylinux_2_24_x86_64.manylinux_2_28_x86_64.whl", hash = "sha256:d72828c20c6d6e83e1e22a6a3b47b326b71664112fa9705dcbccfd7a39b62085", size = 10728051, upload-time = "2026-05-11T18:53:29.125Z" },
    { url = "https://files.pythonhosted.org/packages/e9/21/ea191195e587b18cf682e97f433f81b2d0fbe341380e80a3e0d6e4403c8e/pandas-3.0.3-cp313-cp313t-musllinux_1_2_aarch64.whl", hash = "sha256:d26cbe1fcfc12e8fd900e2454163e466b2d3af84f7c75481df7683ffc073d870", size = 11350796, upload-time = "2026-05-11T18:53:32.056Z" },
    { url = "https://files.pythonhosted.org/packages/64/69/f0eaaf54939f0e8c6768fd06be9af2cef9b36048b96dfb9e1b2c685a807e/pandas-3.0.3-cp313-cp313t-musllinux_1_2_x86_64.whl", hash = "sha256:3e91cec1879ada0624fc3dc9953c5cbd60208e59c0db28f540c5d6d47502422f", size = 11799741, upload-time = "2026-05-11T18:53:34.985Z" },
    { url = "https://files.pythonhosted.org/packages/45/a4/865e0e510cae5fc2194de4db28be638952de942571ba9125934fd9c01d47/pandas-3.0.3-cp313-cp313t-win_amd64.whl", hash = "sha256:08d789b41f87e0905880e293cedf6197ce71fe67cc081358b1e148a491b9bd13", size = 10499958, upload-time = "2026-05-11T18:53:37.857Z" },
]

[[package]]
name = "pathlib"
version = "1.0.1"
source = { registry = "https://pypi.org/simple" }
sdist = { url = "https://files.pythonhosted.org/packages/ac/aa/9b065a76b9af472437a0059f77e8f962fe350438b927cb80184c32f075eb/pathlib-1.0.1.tar.gz", hash = "sha256:6940718dfc3eff4258203ad5021090933e5c04707d5ca8cc9e73c94a7894ea9f", size = 49298, upload-time = "2014-09-03T15:41:57.18Z" }
wheels = [
    { url = "https://files.pythonhosted.org/packages/78/f9/690a8600b93c332de3ab4a344a4ac34f00c8f104917061f779db6a918ed6/pathlib-1.0.1-py3-none-any.whl", hash = "sha256:f35f95ab8b0f59e6d354090350b44a80a80635d22efdedfa84c7ad1cf0a74147", size = 14363, upload-time = "2022-05-04T13:37:20.585Z" },
]

[[package]]
name = "pq"
version = "1.9.1"
source = { registry = "https://pypi.org/simple" }
sdist = { url = "https://files.pythonhosted.org/packages/a1/79/7babafd0ec7e279078f03a6a402e0160e158028b0afdede436c4efef2004/pq-1.9.1.tar.gz", hash = "sha256:d64af0efb8a3ebd11b2e0e662a6426c5e1e99f7f2e446f4439ba0699193e4ad6", size = 15794, upload-time = "2023-04-04T05:55:07.583Z" }

[[package]]
name = "psycopg"
version = "3.3.4"
source = { registry = "https://pypi.org/simple" }
dependencies = [
    { name = "tzdata", marker = "sys_platform == 'win32'" },
]
sdist = { url = "https://files.pythonhosted.org/packages/db/2f/cb91e5502ec9de1de6f1b76cfbf69531932725361168bb06963620c77e2e/psycopg-3.3.4.tar.gz", hash = "sha256:e21207764952cff81b6b8bdacad9a3939f2793367fdac2987b3aac36a651b5bc", size = 165799, upload-time = "2026-05-01T23:31:55.179Z" }
wheels = [
    { url = "https://files.pythonhosted.org/packages/5c/e0/7b3dee031daae7743609ce3c746565d4a3ed7c2c186479eb48e34e838c64/psycopg-3.3.4-py3-none-any.whl", hash = "sha256:b6bbc25ccf05c8fad3b061d9db2ef0909a555171b84b07f29458a447253d679a", size = 213001, upload-time = "2026-05-01T23:20:50.816Z" },
]

[package.optional-dependencies]
binary = [
    { name = "psycopg-binary", marker = "implementation_name != 'pypy'" },
]

[[package]]
name = "psycopg-binary"
version = "3.3.4"
source = { registry = "https://pypi.org/simple" }
wheels = [
    { url = "https://files.pythonhosted.org/packages/09/43/13e9c406fbbf354580476e248a16b64802a376873ebe6339e30bb655572d/psycopg_binary-3.3.4-cp313-cp313-macosx_10_13_x86_64.whl", hash = "sha256:fbd1d4ed566895ad2d3bf4ddfd8bae90026930ddf29df3b9d91d32c8c47866a7", size = 4590377, upload-time = "2026-05-01T23:29:18.782Z" },
    { url = "https://files.pythonhosted.org/packages/22/be/2923cd7c3683e7afdecf4f10796a18de02f5c5ddc0969aa2ad0a8cdd3bbd/psycopg_binary-3.3.4-cp313-cp313-macosx_11_0_arm64.whl", hash = "sha256:75a9067e236f9b9ae3535b66fe99bddb33d39c0de10112e49b9ab11eee53dc31", size = 4669023, upload-time = "2026-05-01T23:29:25.884Z" },
    { url = "https://files.pythonhosted.org/packages/96/a0/2c913d6fe13d6a8bd13597d36739bf47af063ad9399e402cfecab16f3c1e/psycopg_binary-3.3.4-cp313-cp313-manylinux2014_ppc64le.manylinux_2_17_ppc64le.whl", hash = "sha256:b56b603ebcea8aa10b46228b8410ba7f13e7c2ee54389d4d9be0927fd8ce2a70", size = 5467423, upload-time = "2026-05-01T23:29:33.416Z" },
    { url = "https://files.pythonhosted.org/packages/e7/38/205d10bc1ad0df4a21c5c51659126bd3ea0ef98fcad1e852f78c249bb9c3/psycopg_binary-3.3.4-cp313-cp313-manylinux2014_x86_64.manylinux_2_17_x86_64.whl", hash = "sha256:c677c4ad433cb7150c8cd304a0769ae3bcfbe5ea0676eb53faa7b1443b16d0d3", size = 5151137, upload-time = "2026-05-01T23:29:42.013Z" },
    { url = "https://files.pythonhosted.org/packages/36/fc/f0381ddcd45eff3bb70dbca6823a996048d7f507b2ec3fc92c6fabc0fe87/psycopg_binary-3.3.4-cp313-cp313-manylinux_2_27_aarch64.manylinux_2_28_aarch64.whl", hash = "sha256:26df2717e59c0473e4465a97dfb1b7afebaa479277870fd5784d1436470db47c", size = 6736671, upload-time = "2026-05-01T23:29:51.626Z" },
    { url = "https://files.pythonhosted.org/packages/95/40/fa545ae152c24327651e5624e4902121e808270be36c10b12e9939be09bc/psycopg_binary-3.3.4-cp313-cp313-manylinux_2_38_riscv64.manylinux_2_39_riscv64.whl", hash = "sha256:1dc1f79fd16bb1f3f4421417a514607539f17804d95c7ed617265369d1981cae", size = 4979601, upload-time = "2026-05-01T23:29:56.961Z" },
    { url = "https://files.pythonhosted.org/packages/86/e4/2f8a47ee97f90cd2b933d0463081d35631ff419de2b8c984a5f369857de0/psycopg_binary-3.3.4-cp313-cp313-musllinux_1_2_aarch64.whl", hash = "sha256:136f199a407b5348b9b857c504aff60c77622a28482e7195839ce1b51238c4cc", size = 4510513, upload-time = "2026-05-01T23:30:07.243Z" },
    { url = "https://files.pythonhosted.org/packages/0e/0e/94e842ff4a7f98ed162580ca2e8b8864b28c1e0350f2443f8ee47f821167/psycopg_binary-3.3.4-cp313-cp313-musllinux_1_2_ppc64le.whl", hash = "sha256:b6f5a29e9c775b9f12a1a717aa7a2c80f9e1db6f27ba44a5b59c80ac61d2ffcf", size = 4187243, upload-time = "2026-05-01T23:30:15.352Z" },
    { url = "https://files.pythonhosted.org/packages/d0/83/fc6c174b672e29b7de996ea77b6cbddf46c891751c3355f6974292baa6b4/psycopg_binary-3.3.4-cp313-cp313-musllinux_1_2_riscv64.whl", hash = "sha256:ee17a2cf4943cde261adfad1bbc5bf38d6b3776d7afff74c7cabcbeaeb08c260", size = 3927347, upload-time = "2026-05-01T23:30:21.186Z" },
    { url = "https://files.pythonhosted.org/packages/e9/65/768364d4a97a15b1a7f47ba52688c1686f22941d8332a8398cefc468e25f/psycopg_binary-3.3.4-cp313-cp313-musllinux_1_2_x86_64.whl", hash = "sha256:5c4ab71be17bdca30cb34c34c4e1496e2f5d6f20c199c12bad226070b22ef9bf", size = 4236393, upload-time = "2026-05-01T23:30:26.211Z" },
    { url = "https://files.pythonhosted.org/packages/bd/3b/218efbc9e645becd80cdf651acda05f85cfe546b7a9c0458c7cbc8fe1f74/psycopg_binary-3.3.4-cp313-cp313-win_amd64.whl", hash = "sha256:dbfdb9b6cc79f31104a7b162a2b921b765fcc62af6c00540a167a8de47e4ed38", size = 3564592, upload-time = "2026-05-01T23:30:31.764Z" },
]

[[package]]
name = "pydantic"
version = "2.13.4"
source = { registry = "https://pypi.org/simple" }
dependencies = [
    { name = "annotated-types" },
    { name = "pydantic-core" },
    { name = "typing-extensions" },
    { name = "typing-inspection" },
]
sdist = { url = "https://files.pythonhosted.org/packages/18/a5/b60d21ac674192f8ab0ba4e9fd860690f9b4a6e51ca5df118733b487d8d6/pydantic-2.13.4.tar.gz", hash = "sha256:c40756b57adaa8b1efeeced5c196f3f3b7c435f90e84ea7f443901bec8099ef6", size = 844775, upload-time = "2026-05-06T13:43:05.343Z" }
wheels = [
    { url = "https://files.pythonhosted.org/packages/fd/7b/122376b1fd3c62c1ed9dc80c931ace4844b3c55407b6fb2d199377c9736f/pydantic-2.13.4-py3-none-any.whl", hash = "sha256:45a282cde31d808236fd7ea9d919b128653c8b38b393d1c4ab335c62924d9aba", size = 472262, upload-time = "2026-05-06T13:43:02.641Z" },
]

[[package]]
name = "pydantic-core"
version = "2.46.4"
source = { registry = "https://pypi.org/simple" }
dependencies = [
    { name = "typing-extensions" },
]
sdist = { url = "https://files.pythonhosted.org/packages/9d/56/921726b776ace8d8f5db44c4ef961006580d91dc52b803c489fafd1aa249/pydantic_core-2.46.4.tar.gz", hash = "sha256:62f875393d7f270851f20523dd2e29f082bcc82292d66db2b64ea71f64b6e1c1", size = 471464, upload-time = "2026-05-06T13:37:06.98Z" }
wheels = [
    { url = "https://files.pythonhosted.org/packages/51/a2/5d30b469c5267a17b39dec53208222f76a8d351dfac4af661888c5aee77d/pydantic_core-2.46.4-cp313-cp313-macosx_10_12_x86_64.whl", hash = "sha256:5d5902252db0d3cedf8d4a1bc68f70eeb430f7e4c7104c8c476753519b423008", size = 2106306, upload-time = "2026-05-06T13:37:48.029Z" },
    { url = "https://files.pythonhosted.org/packages/c1/81/4fa520eaffa8bd7d1525e644cd6d39e7d60b1592bc5b516693c7340b50f1/pydantic_core-2.46.4-cp313-cp313-macosx_11_0_arm64.whl", hash = "sha256:c94f0688e7b8d0a67abf40e57a7eaaecd17cc9586706a31b76c031f63df052b4", size = 1951906, upload-time = "2026-05-06T13:37:17.012Z" },
    { url = "https://files.pythonhosted.org/packages/03/d5/fd02da45b659668b05923b17ba3a0100a0a3d5541e3bd8fcc4ecb711309e/pydantic_core-2.46.4-cp313-cp313-manylinux_2_17_aarch64.manylinux2014_aarch64.whl", hash = "sha256:f027324c56cd5406ca49c124b0db10e56c69064fec039acc571c29020cc87c76", size = 1976802, upload-time = "2026-05-06T13:37:35.113Z" },
    { url = "https://files.pythonhosted.org/packages/21/f2/95727e1368be3d3ed485eaab7adbd7dda408f33f7a36e8b48e0144002b91/pydantic_core-2.46.4-cp313-cp313-manylinux_2_17_armv7l.manylinux2014_armv7l.whl", hash = "sha256:e739fee756ba1010f8bcccb534252e85a35fe45ae92c295a06059ce58b74ccd3", size = 2052446, upload-time = "2026-05-06T13:37:12.313Z" },
    { url = "https://files.pythonhosted.org/packages/9c/86/5d99feea3f77c7234b8718075b23db11532773c1a0dbd9b9490215dc2eeb/pydantic_core-2.46.4-cp313-cp313-manylinux_2_17_ppc64le.manylinux2014_ppc64le.whl", hash = "sha256:9d56801be94b86a9da183e5f3766e6310752b99ff647e38b09a9500d88e46e76", size = 2232757, upload-time = "2026-05-06T13:39:01.149Z" },
    { url = "https://files.pythonhosted.org/packages/d2/3a/508ac615935ef7588cf6d9e9b91309fdc2da751af865e02a9098de88258c/pydantic_core-2.46.4-cp313-cp313-manylinux_2_17_s390x.manylinux2014_s390x.whl", hash = "sha256:2412e734dcb48da14d4e4006b82b46b74f2518b8a26ee7e58c6844a6cd6d03c4", size = 2309275, upload-time = "2026-05-06T13:37:41.406Z" },
    { url = "https://files.pythonhosted.org/packages/07/f8/41db9de19d7987d6b04715a02b3b40aea467000275d9d758ffaa31af7d50/pydantic_core-2.46.4-cp313-cp313-manylinux_2_17_x86_64.manylinux2014_x86_64.whl", hash = "sha256:9551187363ffc0de2a00b2e47c25aeaeb1020b69b668762966df15fc5659dd5a", size = 2094467, upload-time = "2026-05-06T13:39:18.847Z" },
    { url = "https://files.pythonhosted.org/packages/2c/e2/f35033184cb11d0052daf4416e8e10a502ea2ac006fc4f459aee872727d1/pydantic_core-2.46.4-cp313-cp313-manylinux_2_31_riscv64.whl", hash = "sha256:0186750b482eefa11d7f435892b09c5c606193ef3375bcf94aa00ae6bfb66262", size = 2134417, upload-time = "2026-05-06T13:40:17.944Z" },
    { url = "https://files.pythonhosted.org/packages/7e/7b/6ceeb1cc90e193862f444ebe373d8fdf613f0a82572dde03fb10734c6c71/pydantic_core-2.46.4-cp313-cp313-manylinux_2_5_i686.manylinux1_i686.whl", hash = "sha256:5855698a4856556d86e8e6cd8434bc3ac0314ee8e12089ae0e143f64c6256e4e", size = 2179782, upload-time = "2026-05-06T13:40:32.618Z" },
    { url = "https://files.pythonhosted.org/packages/5a/f2/c8d7773ede6af08036423a00ae0ceffce266c3c52a096c435d68c896083f/pydantic_core-2.46.4-cp313-cp313-musllinux_1_1_aarch64.whl", hash = "sha256:cbaf13819775b7f769bf4a1f066cb6df7a28d4480081a589828ef190226881cd", size = 2188782, upload-time = "2026-05-06T13:36:51.018Z" },
    { url = "https://files.pythonhosted.org/packages/59/31/0c864784e31f09f05cdd87606f08923b9c9e7f6e51dd27f20f62f975ce9f/pydantic_core-2.46.4-cp313-cp313-musllinux_1_1_armv7l.whl", hash = "sha256:633147d34cf4550417f12e2b1a0383973bdf5cdfde212cb09e9a581cf10820be", size = 2328334, upload-time = "2026-05-06T13:40:37.764Z" },
    { url = "https://files.pythonhosted.org/packages/c2/eb/4f6c8a41efa30baa755590f4141abf3a8c370fab610915733e74134a7270/pydantic_core-2.46.4-cp313-cp313-musllinux_1_1_x86_64.whl", hash = "sha256:82cf5301172168103724d49a1444d3378cb20cdee30b116a1bd6031236298a5d", size = 2372986, upload-time = "2026-05-06T13:39:34.152Z" },
    { url = "https://files.pythonhosted.org/packages/5b/24/b375a480d53113860c299764bfe9f349a3dc9108b3adc0d7f0d786492ebf/pydantic_core-2.46.4-cp313-cp313-win32.whl", hash = "sha256:9fa8ae11da9e2b3126c6426f147e0fba88d96d65921799bb30c6abd1cb2c97fb", size = 1973693, upload-time = "2026-05-06T13:37:55.072Z" },
    { url = "https://files.pythonhosted.org/packages/7e/e8/cff247591966f2d22ec8c003cd7587e27b7ba7b81ab2fb888e3ab75dc285/pydantic_core-2.46.4-cp313-cp313-win_amd64.whl", hash = "sha256:6b3ace8194b0e5204818c92802dcdca7fc6d88aabbb799d7c795540d9cd6d292", size = 2071819, upload-time = "2026-05-06T13:38:49.139Z" },
    { url = "https://files.pythonhosted.org/packages/c6/1a/f4aee670d5670e9e148e0c82c7db98d780be566c6e6a97ee8035528ca0b3/pydantic_core-2.46.4-cp313-cp313-win_arm64.whl", hash = "sha256:184c081504d17f1c1066e430e117142b2c77d9448a97f7b65c6ac9fd9aee238d", size = 2027411, upload-time = "2026-05-06T13:40:45.796Z" },
]

[[package]]
name = "pydantic-settings"
version = "2.14.2"
source = { registry = "https://pypi.org/simple" }
dependencies = [
    { name = "pydantic" },
    { name = "python-dotenv" },
    { name = "typing-inspection" },
]
sdist = { url = "https://files.pythonhosted.org/packages/5c/b5/8f48e906c3e0205276e8bd8cb7512217a87b2685304d64be27cad5b3019f/pydantic_settings-2.14.2.tar.gz", hash = "sha256:c19dd64b19097f1de80184f0cc7b0272a13ae6e170cbf240a3e27e381ed14a5f", size = 237700, upload-time = "2026-06-19T13:44:56.324Z" }
wheels = [
    { url = "https://files.pythonhosted.org/packages/77/c1/6e422f34e569cf8e18df68d1939c81c099d2b61e4f7d9621c8a77560799c/pydantic_settings-2.14.2-py3-none-any.whl", hash = "sha256:a20c97b37910b6550d5ea50fbcc2d4187defe58cd57070b73863d069419c9440", size = 61715, upload-time = "2026-06-19T13:44:55.02Z" },
]

[[package]]
name = "python-dateutil"
version = "2.9.0.post0"
source = { registry = "https://pypi.org/simple" }
dependencies = [
    { name = "six" },
]
sdist = { url = "https://files.pythonhosted.org/packages/66/c0/0c8b6ad9f17a802ee498c46e004a0eb49bc148f2fd230864601a86dcf6db/python-dateutil-2.9.0.post0.tar.gz", hash = "sha256:37dd54208da7e1cd875388217d5e00ebd4179249f90fb72437e91a35459a0ad3", size = 342432, upload-time = "2024-03-01T18:36:20.211Z" }
wheels = [
    { url = "https://files.pythonhosted.org/packages/ec/57/56b9bcc3c9c6a792fcbaf139543cee77261f3651ca9da0c93f5c1221264b/python_dateutil-2.9.0.post0-py2.py3-none-any.whl", hash = "sha256:a8b2bc7bffae282281c8140a97d3aa9c14da0b136dfe83f850eea9a5f7470427", size = 229892, upload-time = "2024-03-01T18:36:18.57Z" },
]

[[package]]
name = "python-dotenv"
version = "1.2.2"
source = { registry = "https://pypi.org/simple" }
sdist = { url = "https://files.pythonhosted.org/packages/82/ed/0301aeeac3e5353ef3d94b6ec08bbcabd04a72018415dcb29e588514bba8/python_dotenv-1.2.2.tar.gz", hash = "sha256:2c371a91fbd7ba082c2c1dc1f8bf89ca22564a087c2c287cd9b662adde799cf3", size = 50135, upload-time = "2026-03-01T16:00:26.196Z" }
wheels = [
    { url = "https://files.pythonhosted.org/packages/0b/d7/1959b9648791274998a9c3526f6d0ec8fd2233e4d4acce81bbae76b44b2a/python_dotenv-1.2.2-py3-none-any.whl", hash = "sha256:1d8214789a24de455a8b8bd8ae6fe3c6b69a5e3d64aa8a8e5d68e694bbcb285a", size = 22101, upload-time = "2026-03-01T16:00:25.09Z" },
]

[[package]]
name = "pytz"
version = "2026.2"
source = { registry = "https://pypi.org/simple" }
sdist = { url = "https://files.pythonhosted.org/packages/ff/46/dd499ec9038423421951e4fad73051febaa13d2df82b4064f87af8b8c0c3/pytz-2026.2.tar.gz", hash = "sha256:0e60b47b29f21574376f218fe21abc009894a2321ea16c6754f3cad6eb7cdd6a", size = 320861, upload-time = "2026-05-04T01:35:29.667Z" }
wheels = [
    { url = "https://files.pythonhosted.org/packages/ec/dd/96da98f892250475bdf2328112d7468abdd4acc7b902b6af23f4ed958ea0/pytz-2026.2-py2.py3-none-any.whl", hash = "sha256:04156e608bee23d3792fd45c94ae47fae1036688e75032eea2e3bf0323d1f126", size = 510141, upload-time = "2026-05-04T01:35:27.408Z" },
]

[[package]]
name = "ruamel-yaml"
version = "0.19.1"
source = { registry = "https://pypi.org/simple" }
sdist = { url = "https://files.pythonhosted.org/packages/c7/3b/ebda527b56beb90cb7652cb1c7e4f91f48649fbcd8d2eb2fb6e77cd3329b/ruamel_yaml-0.19.1.tar.gz", hash = "sha256:53eb66cd27849eff968ebf8f0bf61f46cdac2da1d1f3576dd4ccee9b25c31993", size = 142709, upload-time = "2026-01-02T16:50:31.84Z" }
wheels = [
    { url = "https://files.pythonhosted.org/packages/b8/0c/51f6841f1d84f404f92463fc2b1ba0da357ca1e3db6b7fbda26956c3b82a/ruamel_yaml-0.19.1-py3-none-any.whl", hash = "sha256:27592957fedf6e0b62f281e96effd28043345e0e66001f97683aa9a40c667c93", size = 118102, upload-time = "2026-01-02T16:50:29.201Z" },
]

[[package]]
name = "schedule"
version = "1.2.2"
source = { registry = "https://pypi.org/simple" }
sdist = { url = "https://files.pythonhosted.org/packages/0c/91/b525790063015759f34447d4cf9d2ccb52cdee0f1dd6ff8764e863bcb74c/schedule-1.2.2.tar.gz", hash = "sha256:15fe9c75fe5fd9b9627f3f19cc0ef1420508f9f9a46f45cd0769ef75ede5f0b7", size = 26452, upload-time = "2024-06-18T20:03:14.633Z" }
wheels = [
    { url = "https://files.pythonhosted.org/packages/20/a7/84c96b61fd13205f2cafbe263cdb2745965974bdf3e0078f121dfeca5f02/schedule-1.2.2-py3-none-any.whl", hash = "sha256:5bef4a2a0183abf44046ae0d164cadcac21b1db011bdd8102e4a0c1e91e06a7d", size = 12220, upload-time = "2024-05-25T18:41:59.121Z" },
]

[[package]]
name = "six"
version = "1.17.0"
source = { registry = "https://pypi.org/simple" }
sdist = { url = "https://files.pythonhosted.org/packages/94/e7/b2c673351809dca68a0e064b6af791aa332cf192da575fd474ed7d6f16a2/six-1.17.0.tar.gz", hash = "sha256:ff70335d468e7eb6ec65b95b99d3a2836546063f63acc5171de367e834932a81", size = 34031, upload-time = "2024-12-04T17:35:28.174Z" }
wheels = [
    { url = "https://files.pythonhosted.org/packages/b7/ce/149a00dd41f10bc29e5921b496af8b574d8413afcd5e30dfa0ed46c2cc5e/six-1.17.0-py2.py3-none-any.whl", hash = "sha256:4721f391ed90541fddacab5acf947aa0d3dc7d27b2e1e8eda2be8970586c3274", size = 11050, upload-time = "2024-12-04T17:35:26.475Z" },
]

[[package]]
name = "tro-investing"
version = "26.1.0.0.2"
source = { virtual = "." }
dependencies = [
    { name = "datetime" },
    { name = "openpyxl" },
    { name = "pandas" },
    { name = "pathlib" },
    { name = "pq" },
    { name = "psycopg", extra = ["binary"] },
    { name = "pydantic-settings" },
    { name = "python-dateutil" },
    { name = "ruamel-yaml" },
    { name = "schedule" },
]

[package.metadata]
requires-dist = [
    { name = "datetime", specifier = ">=6.0" },
    { name = "openpyxl", specifier = ">=3.1.5" },
    { name = "pandas", specifier = ">=3.0.3" },
    { name = "pathlib", specifier = ">=1.0.1" },
    { name = "pq", specifier = ">=1.9.1" },
    { name = "psycopg", extras = ["binary"], specifier = ">=3.3.4" },
    { name = "pydantic-settings", specifier = ">=2.14.2" },
    { name = "python-dateutil", specifier = ">=2.9.0.post0" },
    { name = "ruamel-yaml", specifier = ">=0.19.1" },
    { name = "schedule", specifier = ">=1.2.2" },
]

[[package]]
name = "typing-extensions"
version = "4.15.0"
source = { registry = "https://pypi.org/simple" }
sdist = { url = "https://files.pythonhosted.org/packages/72/94/1a15dd82efb362ac84269196e94cf00f187f7ed21c242792a923cdb1c61f/typing_extensions-4.15.0.tar.gz", hash = "sha256:0cea48d173cc12fa28ecabc3b837ea3cf6f38c6d1136f85cbaaf598984861466", size = 109391, upload-time = "2025-08-25T13:49:26.313Z" }
wheels = [
    { url = "https://files.pythonhosted.org/packages/18/67/36e9267722cc04a6b9f15c7f3441c2363321a3ea07da7ae0c0707beb2a9c/typing_extensions-4.15.0-py3-none-any.whl", hash = "sha256:f0fa19c6845758ab08074a0cfa8b7aecb71c999ca73d62883bc25cc018c4e548", size = 44614, upload-time = "2025-08-25T13:49:24.86Z" },
]

[[package]]
name = "typing-inspection"
version = "0.4.2"
source = { registry = "https://pypi.org/simple" }
dependencies = [
    { name = "typing-extensions" },
]
sdist = { url = "https://files.pythonhosted.org/packages/55/e3/70399cb7dd41c10ac53367ae42139cf4b1ca5f36bb3dc6c9d33acdb43655/typing_inspection-0.4.2.tar.gz", hash = "sha256:ba561c48a67c5958007083d386c3295464928b01faa735ab8547c5692e87f464", size = 75949, upload-time = "2025-10-01T02:14:41.687Z" }
wheels = [
    { url = "https://files.pythonhosted.org/packages/dc/9b/47798a6c91d8bdb567fe2698fe81e0c6b7cb7ef4d13da4114b41d239f65d/typing_inspection-0.4.2-py3-none-any.whl", hash = "sha256:4ed1cacbdc298c220f1bd249ed5287caa16f34d44ef4e9c3d0cbad5b521545e7", size = 14611, upload-time = "2025-10-01T02:14:40.154Z" },
]

[[package]]
name = "tzdata"
version = "2026.2"
source = { registry = "https://pypi.org/simple" }
sdist = { url = "https://files.pythonhosted.org/packages/ba/19/1b9b0e29f30c6d35cb345486df41110984ea67ae69dddbc0e8a100999493/tzdata-2026.2.tar.gz", hash = "sha256:9173fde7d80d9018e02a662e168e5a2d04f87c41ea174b139fbef642eda62d10", size = 198254, upload-time = "2026-04-24T15:22:08.651Z" }
wheels = [
    { url = "https://files.pythonhosted.org/packages/ce/e4/dccd7f47c4b64213ac01ef921a1337ee6e30e8c6466046018326977efd95/tzdata-2026.2-py2.py3-none-any.whl", hash = "sha256:bbe9af844f658da81a5f95019480da3a89415801f6cc966806612cc7169bffe7", size = 349321, upload-time = "2026-04-24T15:22:05.876Z" },
]

[[package]]
name = "zope-interface"
version = "8.4"
source = { registry = "https://pypi.org/simple" }
sdist = { url = "https://files.pythonhosted.org/packages/9f/65/34a6e6e4dfa260c4c55ee02bb2fc53625e126ff0181485286cf0c9d453d6/zope_interface-8.4.tar.gz", hash = "sha256:9dbee7925a23aa6349738892c911019d4095a96cff487b743482073ecbc174a8", size = 257736, upload-time = "2026-04-25T07:22:10.439Z" }
wheels = [
    { url = "https://files.pythonhosted.org/packages/8e/6a/a08c62bc1fa0e34fe7b8b401646cba4817427c716bfbef6cc88937cd327f/zope_interface-8.4-cp313-cp313-macosx_10_9_x86_64.whl", hash = "sha256:cd55965d715413038774aead54851bc3dbdd74a69f3ce30252182a94407b9905", size = 211924, upload-time = "2026-04-25T07:28:22.219Z" },
    { url = "https://files.pythonhosted.org/packages/50/30/2011f17e00ff078658bc317e1f7eccd7843fc1ce60695b665b0a52c45c1b/zope_interface-8.4-cp313-cp313-macosx_11_0_arm64.whl", hash = "sha256:0d88c1f106a4f06e074a3ada2d20f4a602e3f2871c4f55726ed5d91e94ec19b1", size = 211995, upload-time = "2026-04-25T07:28:24.107Z" },
    { url = "https://files.pythonhosted.org/packages/25/f3/a16fe884571cfa89271412dbb40def6d6865824428d1e14785a82795100c/zope_interface-8.4-cp313-cp313-manylinux1_i686.manylinux2014_i686.manylinux_2_17_i686.manylinux_2_5_i686.whl", hash = "sha256:36c575356732d59ffd3279ad67e302a6fe517e67db5b061b36b377ee0fa016c4", size = 264443, upload-time = "2026-04-25T07:28:26.401Z" },
    { url = "https://files.pythonhosted.org/packages/83/88/e08923fcd8a8c8704af05a90418b07cd897ac90865925b37d7ad8139adfa/zope_interface-8.4-cp313-cp313-manylinux1_x86_64.manylinux2014_x86_64.manylinux_2_17_x86_64.manylinux_2_5_x86_64.whl", hash = "sha256:29f09ec8bda65f7b30294328070070a2590b90f252f834ee0817cdb0e2c35f6a", size = 269626, upload-time = "2026-04-25T07:28:28.423Z" },
    { url = "https://files.pythonhosted.org/packages/27/67/96c94cd307f9946d0b0f03402a335f7aae7b4f0b129b5734cc56cc78cb65/zope_interface-8.4-cp313-cp313-manylinux2014_aarch64.manylinux_2_17_aarch64.whl", hash = "sha256:2bc388cebcb753d21eaf2a0481fd6f0ce6840a47300a40dcec0b56bac27d0f97", size = 269583, upload-time = "2026-04-25T07:28:30.434Z" },
    { url = "https://files.pythonhosted.org/packages/e2/d4/7e9fcc8bb0dba5d023b9fca92035d68c018457cc550e9d51746670b76a6b/zope_interface-8.4-cp313-cp313-win_amd64.whl", hash = "sha256:3e5866917ccb57d929e515a1136d729bd3fa4f367965fb16e38a4bc72cb05521", size = 214422, upload-time = "2026-04-25T07:28:32.201Z" },
    { url = "https://files.pythonhosted.org/packages/16/26/b0bcde302f6a4c155d047a8ab5cba1003363031919d6e8f3bcdc139c28a6/zope_interface-8.4-cp313-cp313-win_arm64.whl", hash = "sha256:f1f854bef8bc137519e4413bcc1322d55faad28b20b3ca39f7bec49d2f1b26df", size = 213029, upload-time = "2026-04-25T07:28:34.677Z" },
]
